
Microsoft Visual Studio Solution File, Format Version 12.00
# Visual Studio Version 16
VisualStudioVersion = 16.0.33801.447
MinimumVisualStudioVersion = 10.0.40219.1
Project("{FAE04EC0-301F-11D3-BF4B-00C04F79EFBC}") = "PWllProva", "PWllProva\PWllProva.csproj", "{7A70A8FF-5107-4526-B8B1-70698D2F0BCB}"
EndProject
Global
	GlobalSection(SolutionConfigurationPlatforms) = preSolution
		Debug|Any CPU = Debug|Any CPU
		Release|Any CPU = Release|Any CPU
	EndGlobalSection
	GlobalSection(ProjectConfigurationPlatforms) = postSolution
		{7A70A8FF-5107-4526-B8B1-70698D2F0BCB}.Debug|Any CPU.ActiveCfg = Debug|Any CPU
		{7A70A8FF-5107-4526-B8B1-70698D2F0BCB}.Debug|Any CPU.Build.0 = Debug|Any CPU
		{7A70A8FF-5107-4526-B8B1-70698D2F0BCB}.Release|Any CPU.ActiveCfg = Release|Any CPU
		{7A70A8FF-5107-4526-B8B1-70698D2F0BCB}.Release|Any CPU.Build.0 = Release|Any CPU
	EndGlobalSection
	GlobalSection(SolutionProperties) = preSolution
		HideSolutionNode = FALSE
	EndGlobalSection
	GlobalSection(ExtensibilityGlobals) = postSolution
		SolutionGuid = {B8C7F5C9-4315-4B31-AFB3-5D30568CF1CE}
	EndGlobalSection
EndGlobal
